// !$*UTF8*$!
{
	archiveVersion = 1;
	classes = {
	};
	objectVersion = 50;
	objects = {

/* Begin PBXBuildFile section */
		1106E5A4226BC9A800598DD0 /* AppDelegate.swift in Sources */ = {isa = PBXBuildFile; fileRef = 1106E5A3226BC9A800598DD0 /* AppDelegate.swift */; };
		1106E5A6226BC9A800598DD0 /* ViewController.swift in Sources */ = {isa = PBXBuildFile; fileRef = 1106E5A5226BC9A800598DD0 /* ViewController.swift */; };
		1106E5A9226BC9A800598DD0 /* Main.storyboard in Resources */ = {isa = PBXBuildFile; fileRef = 1106E5A7226BC9A800598DD0 /* Main.storyboard */; };
		1106E5AB226BC9AA00598DD0 /* Assets.xcassets in Resources */ = {isa = PBXBuildFile; fileRef = 1106E5AA226BC9AA00598DD0 /* Assets.xcassets */; };
		1106E5AE226BC9AA00598DD0 /* LaunchScreen.storyboard in Resources */ = {isa = PBXBuildFile; fileRef = 1106E5AC226BC9AA00598DD0 /* LaunchScreen.storyboard */; };
		117D1791226E170500ED9835 /* RestaurantViewController.swift in Sources */ = {isa = PBXBuildFile; fileRef = 117D1790226E170500ED9835 /* RestaurantViewController.swift */; };
		117D1793226E18B000ED9835 /* ShowcaseViewController.swift in Sources */ = {isa = PBXBuildFile; fileRef = 117D1792226E18B000ED9835 /* ShowcaseViewController.swift */; };
		117D1795226E18DA00ED9835 /* StreetNightViewController.swift in Sources */ = {isa = PBXBuildFile; fileRef = 117D1794226E18DA00ED9835 /* StreetNightViewController.swift */; };
		117D1797226E18FC00ED9835 /* CigarShopViewController.swift in Sources */ = {isa = PBXBuildFile; fileRef = 117D1796226E18FC00ED9835 /* CigarShopViewController.swift */; };
		117D1799226E192000ED9835 /* ShowcaseGirlViewController.swift in Sources */ = {isa = PBXBuildFile; fileRef = 117D1798226E192000ED9835 /* ShowcaseGirlViewController.swift */; };
		117D179B226E194A00ED9835 /* CathedralViewController.swift in Sources */ = {isa = PBXBuildFile; fileRef = 117D179A226E194A00ED9835 /* CathedralViewController.swift */; };
		117D179D226E195500ED9835 /* PrisonViewController.swift in Sources */ = {isa = PBXBuildFile; fileRef = 117D179C226E195500ED9835 /* PrisonViewController.swift */; };
		117D17A1226E213E00ED9835 /* AboutUsViewController.swift in Sources */ = {isa = PBXBuildFile; fileRef = 117D17A0226E213E00ED9835 /* AboutUsViewController.swift */; };
		117D17A3226E21C800ED9835 /* ArchiveCollectionViewController.swift in Sources */ = {isa = PBXBuildFile; fileRef = 117D17A2226E21C800ED9835 /* ArchiveCollectionViewController.swift */; };
		117D17A5226E434B00ED9835 /* SelectionViewController.swift in Sources */ = {isa = PBXBuildFile; fileRef = 117D17A4226E434B00ED9835 /* SelectionViewController.swift */; };
		117D17AB226E4BF900ED9835 /* ChoiceUiTableView.swift in Sources */ = {isa = PBXBuildFile; fileRef = 117D17AA226E4BF900ED9835 /* ChoiceUiTableView.swift */; };
		11A2645A226D0434003DE61B /* StreetDayViewController.swift in Sources */ = {isa = PBXBuildFile; fileRef = 11A26459226D0434003DE61B /* StreetDayViewController.swift */; };
/* End PBXBuildFile section */

/* Begin PBXFileReference section */
		1106E5A0226BC9A800598DD0 /* the Cop and Anthem.app */ = {isa = PBXFileReference; explicitFileType = wrapper.application; includeInIndex = 0; path = "the Cop and Anthem.app"; sourceTree = BUILT_PRODUCTS_DIR; };
		1106E5A3226BC9A800598DD0 /* AppDelegate.swift */ = {isa = PBXFileReference; lastKnownFileType = sourcecode.swift; path = AppDelegate.swift; sourceTree = "<group>"; };
		1106E5A5226BC9A800598DD0 /* ViewController.swift */ = {isa = PBXFileReference; lastKnownFileType = sourcecode.swift; path = ViewController.swift; sourceTree = "<group>"; };
		1106E5A8226BC9A800598DD0 /* Base */ = {isa = PBXFileReference; lastKnownFileType = file.storyboard; name = Base; path = Base.lproj/Main.storyboard; sourceTree = "<group>"; };
		1106E5AA226BC9AA00598DD0 /* Assets.xcassets */ = {isa = PBXFileReference; lastKnownFileType = folder.assetcatalog; path = Assets.xcassets; sourceTree = "<group>"; };
		1106E5AD226BC9AA00598DD0 /* Base */ = {isa = PBXFileReference; lastKnownFileType = file.storyboard; name = Base; path = Base.lproj/LaunchScreen.storyboard; sourceTree = "<group>"; };
		1106E5AF226BC9AA00598DD0 /* Info.plist */ = {isa = PBXFileReference; lastKnownFileType = text.plist.xml; path = Info.plist; sourceTree = "<group>"; };
		117D1790226E170500ED9835 /* RestaurantViewController.swift */ = {isa = PBXFileReference; lastKnownFileType = sourcecode.swift; path = RestaurantViewController.swift; sourceTree = "<group>"; };
		117D1792226E18B000ED9835 /* ShowcaseViewController.swift */ = {isa = PBXFileReference; lastKnownFileType = sourcecode.swift; path = ShowcaseViewController.swift; sourceTree = "<group>"; };
		117D1794226E18DA00ED9835 /* StreetNightViewController.swift */ = {isa = PBXFileReference; lastKnownFileType = sourcecode.swift; path = StreetNightViewController.swift; sourceTree = "<group>"; };
		117D1796226E18FC00ED9835 /* CigarShopViewController.swift */ = {isa = PBXFileReference; lastKnownFileType = sourcecode.swift; path = CigarShopViewController.swift; sourceTree = "<group>"; };
		117D1798226E192000ED9835 /* ShowcaseGirlViewController.swift */ = {isa = PBXFileReference; lastKnownFileType = sourcecode.swift; path = ShowcaseGirlViewController.swift; sourceTree = "<group>"; };
		117D179A226E194A00ED9835 /* CathedralViewController.swift */ = {isa = PBXFileReference; lastKnownFileType = sourcecode.swift; path = CathedralViewController.swift; sourceTree = "<group>"; };
		117D179C226E195500ED9835 /* PrisonViewController.swift */ = {isa = PBXFileReference; lastKnownFileType = sourcecode.swift; path = PrisonViewController.swift; sourceTree = "<group>"; };
		117D17A0226E213E00ED9835 /* AboutUsViewController.swift */ = {isa = PBXFileReference; lastKnownFileType = sourcecode.swift; path = AboutUsViewController.swift; sourceTree = "<group>"; };
		117D17A2226E21C800ED9835 /* ArchiveCollectionViewController.swift */ = {isa = PBXFileReference; lastKnownFileType = sourcecode.swift; path = ArchiveCollectionViewController.swift; sourceTree = "<group>"; };
		117D17A4226E434B00ED9835 /* SelectionViewController.swift */ = {isa = PBXFileReference; lastKnownFileType = sourcecode.swift; path = SelectionViewController.swift; sourceTree = "<group>"; };
		117D17AA226E4BF900ED9835 /* ChoiceUiTableView.swift */ = {isa = PBXFileReference; fileEncoding = 4; lastKnownFileType = sourcecode.swift; path = ChoiceUiTableView.swift; sourceTree = "<group>"; };
		11A26459226D0434003DE61B /* StreetDayViewController.swift */ = {isa = PBXFileReference; lastKnownFileType = sourcecode.swift; path = StreetDayViewController.swift; sourceTree = "<group>"; };
/* End PBXFileReference section */

/* Begin PBXFrameworksBuildPhase section */
		1106E59D226BC9A800598DD0 /* Frameworks */ = {
			isa = PBXFrameworksBuildPhase;
			buildActionMask = 2147483647;
			files = (
			);
			runOnlyForDeploymentPostprocessing = 0;
		};
/* End PBXFrameworksBuildPhase section */

/* Begin PBXGroup section */
		1106E597226BC9A800598DD0 = {
			isa = PBXGroup;
			children = (
				11A26458226D03C2003DE61B /* ViewControllers */,
				1106E5A2226BC9A800598DD0 /* the Cop and Anthem */,
				1106E5A1226BC9A800598DD0 /* Products */,
			);
			sourceTree = "<group>";
		};
		1106E5A1226BC9A800598DD0 /* Products */ = {
			isa = PBXGroup;
			children = (
				1106E5A0226BC9A800598DD0 /* the Cop and Anthem.app */,
			);
			name = Products;
			sourceTree = "<group>";
		};
		1106E5A2226BC9A800598DD0 /* the Cop and Anthem */ = {
			isa = PBXGroup;
			children = (
				1106E5A3226BC9A800598DD0 /* AppDelegate.swift */,
				1106E5A5226BC9A800598DD0 /* ViewController.swift */,
				1106E5A7226BC9A800598DD0 /* Main.storyboard */,
				1106E5AA226BC9AA00598DD0 /* Assets.xcassets */,
				1106E5AC226BC9AA00598DD0 /* LaunchScreen.storyboard */,
				1106E5AF226BC9AA00598DD0 /* Info.plist */,
			);
			path = "the Cop and Anthem";
			sourceTree = "<group>";
		};
		11A26458226D03C2003DE61B /* ViewControllers */ = {
			isa = PBXGroup;
			children = (
				117D17AA226E4BF900ED9835 /* ChoiceUiTableView.swift */,
				11A26459226D0434003DE61B /* StreetDayViewController.swift */,
				117D1790226E170500ED9835 /* RestaurantViewController.swift */,
				117D1792226E18B000ED9835 /* ShowcaseViewController.swift */,
				117D1794226E18DA00ED9835 /* StreetNightViewController.swift */,
				117D1796226E18FC00ED9835 /* CigarShopViewController.swift */,
				117D1798226E192000ED9835 /* ShowcaseGirlViewController.swift */,
				117D179A226E194A00ED9835 /* CathedralViewController.swift */,
				117D179C226E195500ED9835 /* PrisonViewController.swift */,
				117D17A2226E21C800ED9835 /* ArchiveCollectionViewController.swift */,
				117D17A0226E213E00ED9835 /* AboutUsViewController.swift */,
				117D17A4226E434B00ED9835 /* SelectionViewController.swift */,
			);
			name = ViewControllers;
			path = "the Cop and Anthem/ViewControllers";
			sourceTree = "<group>";
		};
/* End PBXGroup section */

/* Begin PBXNativeTarget section */
		1106E59F226BC9A800598DD0 /* the Cop and Anthem */ = {
			isa = PBXNativeTarget;
			buildConfigurationList = 1106E5B2226BC9AA00598DD0 /* Build configuration list for PBXNativeTarget "the Cop and Anthem" */;
			buildPhases = (
				1106E59C226BC9A800598DD0 /* Sources */,
				1106E59D226BC9A800598DD0 /* Frameworks */,
				1106E59E226BC9A800598DD0 /* Resources */,
			);
			buildRules = (
			);
			dependencies = (
			);
			name = "the Cop and Anthem";
			productName = "the Cop and Anthem";
			productReference = 1106E5A0226BC9A800598DD0 /* the Cop and Anthem.app */;
			productType = "com.apple.product-type.application";
		};
/* End PBXNativeTarget section */

/* Begin PBXProject section */
		1106E598226BC9A800598DD0 /* Project object */ = {
			isa = PBXProject;
			attributes = {
				KnownAssetTags = (
					textTouched,
				);
				LastSwiftUpdateCheck = 1020;
				LastUpgradeCheck = 1020;
				ORGANIZATIONNAME = "April Zhou";
				TargetAttributes = {
					1106E59F226BC9A800598DD0 = {
						CreatedOnToolsVersion = 10.2;
					};
				};
			};
			buildConfigurationList = 1106E59B226BC9A800598DD0 /* Build configuration list for PBXProject "the Cop and Anthem" */;
			compatibilityVersion = "Xcode 9.3";
			developmentRegion = en;
			hasScannedForEncodings = 0;
			knownRegions = (
				en,
				Base,
			);
			mainGroup = 1106E597226BC9A800598DD0;
			productRefGroup = 1106E5A1226BC9A800598DD0 /* Products */;
			projectDirPath = "";
			projectRoot = "";
			targets = (
				1106E59F226BC9A800598DD0 /* the Cop and Anthem */,
			);
		};
/* End PBXProject section */

/* Begin PBXResourcesBuildPhase section */
		1106E59E226BC9A800598DD0 /* Resources */ = {
			isa = PBXResourcesBuildPhase;
			buildActionMask = 2147483647;
			files = (
				1106E5AE226BC9AA00598DD0 /* LaunchScreen.storyboard in Resources */,
				1106E5AB226BC9AA00598DD0 /* Assets.xcassets in Resources */,
				1106E5A9226BC9A800598DD0 /* Main.storyboard in Resources */,
			);
			runOnlyForDeploymentPostprocessing = 0;
		};
/* End PBXResourcesBuildPhase section */

/* Begin PBXSourcesBuildPhase section */
		1106E59C226BC9A800598DD0 /* Sources */ = {
			isa = PBXSourcesBuildPhase;
			buildActionMask = 2147483647;
			files = (
				117D1793226E18B000ED9835 /* ShowcaseViewController.swift in Sources */,
				117D179D226E195500ED9835 /* PrisonViewController.swift in Sources */,
				117D17AB226E4BF900ED9835 /* ChoiceUiTableView.swift in Sources */,
				1106E5A6226BC9A800598DD0 /* ViewController.swift in Sources */,
				117D17A5226E434B00ED9835 /* SelectionViewController.swift in Sources */,
				117D17A1226E213E00ED9835 /* AboutUsViewController.swift in Sources */,
				117D17A3226E21C800ED9835 /* ArchiveCollectionViewController.swift in Sources */,
				117D1799226E192000ED9835 /* ShowcaseGirlViewController.swift in Sources */,
				117D1791226E170500ED9835 /* RestaurantViewController.swift in Sources */,
				1106E5A4226BC9A800598DD0 /* AppDelegate.swift in Sources */,
				117D1795226E18DA00ED9835 /* StreetNightViewController.swift in Sources */,
				117D1797226E18FC00ED9835 /* CigarShopViewController.swift in Sources */,
				117D179B226E194A00ED9835 /* CathedralViewController.swift in Sources */,
				11A2645A226D0434003DE61B /* StreetDayViewController.swift in Sources */,
			);
			runOnlyForDeploymentPostprocessing = 0;
		};
/* End PBXSourcesBuildPhase section */

/* Begin PBXVariantGroup section */
		1106E5A7226BC9A800598DD0 /* Main.storyboard */ = {
			isa = PBXVariantGroup;
			children = (
				1106E5A8226BC9A800598DD0 /* Base */,
			);
			name = Main.storyboard;
			sourceTree = "<group>";
		};
		1106E5AC226BC9AA00598DD0 /* LaunchScreen.storyboard */ = {
			isa = PBXVariantGroup;
			children = (
				1106E5AD226BC9AA00598DD0 /* Base */,
			);
			name = LaunchScreen.storyboard;
			sourceTree = "<group>";
		};
/* End PBXVariantGroup section */

/* Begin XCBuildConfiguration section */
		1106E5B0226BC9AA00598DD0 /* Debug */ = {
			isa = XCBuildConfiguration;
			buildSettings = {
				ALWAYS_SEARCH_USER_PATHS = NO;
				CLANG_ANALYZER_NONNULL = YES;
				CLANG_ANALYZER_NUMBER_OBJECT_CONVERSION = YES_AGGRESSIVE;
				CLANG_CXX_LANGUAGE_STANDARD = "gnu++14";
				CLANG_CXX_LIBRARY = "libc++";
				CLANG_ENABLE_MODULES = YES;
				CLANG_ENABLE_OBJC_ARC = YES;
				CLANG_ENABLE_OBJC_WEAK = YES;
				CLANG_WARN_BLOCK_CAPTURE_AUTORELEASING = YES;
				CLANG_WARN_BOOL_CONVERSION = YES;
				CLANG_WARN_COMMA = YES;
				CLANG_WARN_CONSTANT_CONVERSION = YES;
				CLANG_WARN_DEPRECATED_OBJC_IMPLEMENTATIONS = YES;
				CLANG_WARN_DIRECT_OBJC_ISA_USAGE = YES_ERROR;
				CLANG_WARN_DOCUMENTATION_COMMENTS = YES;
				CLANG_WARN_EMPTY_BODY = YES;
				CLANG_WARN_ENUM_CONVERSION = YES;
				CLANG_WARN_INFINITE_RECURSION = YES;
				CLANG_WARN_INT_CONVERSION = YES;
				CLANG_WARN_NON_LITERAL_NULL_CONVERSION = YES;
				CLANG_WARN_OBJC_IMPLICIT_RETAIN_SELF = YES;
				CLANG_WARN_OBJC_LITERAL_CONVERSION = YES;
				CLANG_WARN_OBJC_ROOT_CLASS = YES_ERROR;
				CLANG_WARN_RANGE_LOOP_ANALYSIS = YES;
				CLANG_WARN_STRICT_PROTOTYPES = YES;
				CLANG_WARN_SUSPICIOUS_MOVE = YES;
				CLANG_WARN_UNGUARDED_AVAILABILITY = YES_AGGRESSIVE;
				CLANG_WARN_UNREACHABLE_CODE = YES;
				CLANG_WARN__DUPLICATE_METHOD_MATCH = YES;
				CODE_SIGN_IDENTITY = "iPhone Developer";
				COPY_PHASE_STRIP = NO;
				DEBUG_INFORMATION_FORMAT = dwarf;
				ENABLE_STRICT_OBJC_MSGSEND = YES;
				ENABLE_TESTABILITY = YES;
				GCC_C_LANGUAGE_STANDARD = gnu11;
				GCC_DYNAMIC_NO_PIC = NO;
				GCC_NO_COMMON_BLOCKS = YES;
				GCC_OPTIMIZATION_LEVEL = 0;
				GCC_PREPROCESSOR_DEFINITIONS = (
					"DEBUG=1",
					"$(inherited)",
				);
				GCC_WARN_64_TO_32_BIT_CONVERSION = YES;
				GCC_WARN_ABOUT_RETURN_TYPE = YES_ERROR;
				GCC_WARN_UNDECLARED_SELECTOR = YES;
				GCC_WARN_UNINITIALIZED_AUTOS = YES_AGGRESSIVE;
				GCC_WARN_UNUSED_FUNCTION = YES;
				GCC_WARN_UNUSED_VARIABLE = YES;
				IPHONEOS_DEPLOYMENT_TARGET = 12.2;
				MTL_ENABLE_DEBUG_INFO = INCLUDE_SOURCE;
				MTL_FAST_MATH = YES;
				ONLY_ACTIVE_ARCH = YES;
				SDKROOT = iphoneos;
				SWIFT_ACTIVE_COMPILATION_CONDITIONS = DEBUG;
				SWIFT_OPTIMIZATION_LEVEL = "-Onone";
			};
			name = Debug;
		};
		1106E5B1226BC9AA00598DD0 /* Release */ = {
			isa = XCBuildConfiguration;
			buildSettings = {
				ALWAYS_SEARCH_USER_PATHS = NO;
				CLANG_ANALYZER_NONNULL = YES;
				CLANG_ANALYZER_NUMBER_OBJECT_CONVERSION = YES_AGGRESSIVE;
				CLANG_CXX_LANGUAGE_STANDARD = "gnu++14";
				CLANG_CXX_LIBRARY = "libc++";
				CLANG_ENABLE_MODULES = YES;
				CLANG_ENABLE_OBJC_ARC = YES;
				CLANG_ENABLE_OBJC_WEAK = YES;
				CLANG_WARN_BLOCK_CAPTURE_AUTORELEASING = YES;
				CLANG_WARN_BOOL_CONVERSION = YES;
				CLANG_WARN_COMMA = YES;
				CLANG_WARN_CONSTANT_CONVERSION = YES;
				CLANG_WARN_DEPRECATED_OBJC_IMPLEMENTATIONS = YES;
				CLANG_WARN_DIRECT_OBJC_ISA_USAGE = YES_ERROR;
				CLANG_WARN_DOCUMENTATION_COMMENTS = YES;
				CLANG_WARN_EMPTY_BODY = YES;
				CLANG_WARN_ENUM_CONVERSION = YES;
				CLANG_WARN_INFINITE_RECURSION = YES;
				CLANG_WARN_INT_CONVERSION = YES;
				CLANG_WARN_NON_LITERAL_NULL_CONVERSION = YES;
				CLANG_WARN_OBJC_IMPLICIT_RETAIN_SELF = YES;
				CLANG_WARN_OBJC_LITERAL_CONVERSION = YES;
				CLANG_WARN_OBJC_ROOT_CLASS = YES_ERROR;
				CLANG_WARN_RANGE_LOOP_ANALYSIS = YES;
				CLANG_WARN_STRICT_PROTOTYPES = YES;
				CLANG_WARN_SUSPICIOUS_MOVE = YES;
				CLANG_WARN_UNGUARDED_AVAILABILITY = YES_AGGRESSIVE;
				CLANG_WARN_UNREACHABLE_CODE = YES;
				CLANG_WARN__DUPLICATE_METHOD_MATCH = YES;
				CODE_SIGN_IDENTITY = "iPhone Developer";
				COPY_PHASE_STRIP = NO;
				DEBUG_INFORMATION_FORMAT = "dwarf-with-dsym";
				ENABLE_NS_ASSERTIONS = NO;
				ENABLE_STRICT_OBJC_MSGSEND = YES;
				GCC_C_LANGUAGE_STANDARD = gnu11;
				GCC_NO_COMMON_BLOCKS = YES;
				GCC_WARN_64_TO_32_BIT_CONVERSION = YES;
				GCC_WARN_ABOUT_RETURN_TYPE = YES_ERROR;
				GCC_WARN_UNDECLARED_SELECTOR = YES;
				GCC_WARN_UNINITIALIZED_AUTOS = YES_AGGRESSIVE;
				GCC_WARN_UNUSED_FUNCTION = YES;
				GCC_WARN_UNUSED_VARIABLE = YES;
				IPHONEOS_DEPLOYMENT_TARGET = 12.2;
				MTL_ENABLE_DEBUG_INFO = NO;
				MTL_FAST_MATH = YES;
				SDKROOT = iphoneos;
				SWIFT_COMPILATION_MODE = wholemodule;
				SWIFT_OPTIMIZATION_LEVEL = "-O";
				VALIDATE_PRODUCT = YES;
			};
			name = Release;
		};
		1106E5B3226BC9AA00598DD0 /* Debug */ = {
			isa = XCBuildConfiguration;
			buildSettings = {
				ASSETCATALOG_COMPILER_APPICON_NAME = AppIcon;
				CODE_SIGN_STYLE = Automatic;
				DEVELOPMENT_TEAM = 6YY23C3PCU;
				INFOPLIST_FILE = "the Cop and Anthem/Info.plist";
				LD_RUNPATH_SEARCH_PATHS = (
					"$(inherited)",
					"@executable_path/Frameworks",
				);
				PRODUCT_BUNDLE_IDENTIFIER = "com.AprilZhou.the-Cop-and-Anthem";
				PRODUCT_NAME = "$(TARGET_NAME)";
				SWIFT_VERSION = 5.0;
				TARGETED_DEVICE_FAMILY = "1,2";
			};
			name = Debug;
		};
		1106E5B4226BC9AA00598DD0 /* Release */ = {
			isa = XCBuildConfiguration;
			buildSettings = {
				ASSETCATALOG_COMPILER_APPICON_NAME = AppIcon;
				CODE_SIGN_STYLE = Automatic;
				DEVELOPMENT_TEAM = 6YY23C3PCU;
				INFOPLIST_FILE = "the Cop and Anthem/Info.plist";
				LD_RUNPATH_SEARCH_PATHS = (
					"$(inherited)",
					"@executable_path/Frameworks",
				);
				PRODUCT_BUNDLE_IDENTIFIER = "com.AprilZhou.the-Cop-and-Anthem";
				PRODUCT_NAME = "$(TARGET_NAME)";
				SWIFT_VERSION = 5.0;
				TARGETED_DEVICE_FAMILY = "1,2";
			};
			name = Release;
		};
/* End XCBuildConfiguration section */

/* Begin XCConfigurationList section */
		1106E59B226BC9A800598DD0 /* Build configuration list for PBXProject "the Cop and Anthem" */ = {
			isa = XCConfigurationList;
			buildConfigurations = (
				1106E5B0226BC9AA00598DD0 /* Debug */,
				1106E5B1226BC9AA00598DD0 /* Release */,
			);
			defaultConfigurationIsVisible = 0;
			defaultConfigurationName = Release;
		};
		1106E5B2226BC9AA00598DD0 /* Build configuration list for PBXNativeTarget "the Cop and Anthem" */ = {
			isa = XCConfigurationList;
			buildConfigurations = (
				1106E5B3226BC9AA00598DD0 /* Debug */,
				1106E5B4226BC9AA00598DD0 /* Release */,
			);
			defaultConfigurationIsVisible = 0;
			defaultConfigurationName = Release;
		};
/* End XCConfigurationList section */
	};
	rootObject = 1106E598226BC9A800598DD0 /* Project object */;
}
